
Microsoft Visual Studio Solution File, Format Version 12.00
# Visual Studio Version 17
VisualStudioVersion = 17.0.32112.339
MinimumVisualStudioVersion = 10.0.40219.1
Project("{9A19103F-16F7-4668-BE54-9A1E7A4F7556}") = "BlazeIt.Client", "BlazeIt\Client\BlazeIt.Client.csproj", "{7149CCCE-C519-4E92-A65D-289ABA14307E}"
EndProject
Project("{9A19103F-16F7-4668-BE54-9A1E7A4F7556}") = "BlazeIt.Server", "BlazeIt\Server\BlazeIt.Server.csproj", "{278FCDB9-1151-4463-9B1C-962297A7D5C3}"
EndProject
Project("{9A19103F-16F7-4668-BE54-9A1E7A4F7556}") = "BlazeIt.Shared", "BlazeIt\Shared\BlazeIt.Shared.csproj", "{7F57275C-34BF-4139-9040-95F0656376C0}"
EndProject
Global
	GlobalSection(SolutionConfigurationPlatforms) = preSolution
		Debug|Any CPU = Debug|Any CPU
		Release|Any CPU = Release|Any CPU
	EndGlobalSection
	GlobalSection(ProjectConfigurationPlatforms) = postSolution
		{7149CCCE-C519-4E92-A65D-289ABA14307E}.Debug|Any CPU.ActiveCfg = Debug|Any CPU
		{7149CCCE-C519-4E92-A65D-289ABA14307E}.Debug|Any CPU.Build.0 = Debug|Any CPU
		{7149CCCE-C519-4E92-A65D-289ABA14307E}.Release|Any CPU.ActiveCfg = Release|Any CPU
		{7149CCCE-C519-4E92-A65D-289ABA14307E}.Release|Any CPU.Build.0 = Release|Any CPU
		{278FCDB9-1151-4463-9B1C-962297A7D5C3}.Debug|Any CPU.ActiveCfg = Debug|Any CPU
		{278FCDB9-1151-4463-9B1C-962297A7D5C3}.Debug|Any CPU.Build.0 = Debug|Any CPU
		{278FCDB9-1151-4463-9B1C-962297A7D5C3}.Release|Any CPU.ActiveCfg = Release|Any CPU
		{278FCDB9-1151-4463-9B1C-962297A7D5C3}.Release|Any CPU.Build.0 = Release|Any CPU
		{7F57275C-34BF-4139-9040-95F0656376C0}.Debug|Any CPU.ActiveCfg = Debug|Any CPU
		{7F57275C-34BF-4139-9040-95F0656376C0}.Debug|Any CPU.Build.0 = Debug|Any CPU
		{7F57275C-34BF-4139-9040-95F0656376C0}.Release|Any CPU.ActiveCfg = Release|Any CPU
		{7F57275C-34BF-4139-9040-95F0656376C0}.Release|Any CPU.Build.0 = Release|Any CPU
	EndGlobalSection
	GlobalSection(SolutionProperties) = preSolution
		HideSolutionNode = FALSE
	EndGlobalSection
	GlobalSection(ExtensibilityGlobals) = postSolution
		SolutionGuid = {43165FB7-69F1-4218-B28C-5ED8EBC26835}
	EndGlobalSection
EndGlobal
